
Microsoft Visual Studio Solution File, Format Version 12.00
# Visual Studio 14
VisualStudioVersion = 14.0.25420.1
MinimumVisualStudioVersion = 10.0.40219.1
Project("{2150E333-8FDC-42A3-9474-1A3956D46DE8}") = "src", "src", "{FBB33E19-C81B-4FF0-BB48-BAC9771D8BD4}"
EndProject
Project("{2150E333-8FDC-42A3-9474-1A3956D46DE8}") = "Solution Items", "Solution Items", "{545CB759-37F1-47FF-AE77-54B29A75AB51}"
	ProjectSection(SolutionItems) = preProject
		global.json = global.json
	EndProjectSection
EndProject
Project("{8BB2217D-0F2D-49D1-97BC-3654ED321F3B}") = "OdeToFood", "src\OdeToFood\OdeToFood.xproj", "{830FC1FD-3C66-475E-8732-32FC8197BFF4}"
EndProject
Global
	GlobalSection(SolutionConfigurationPlatforms) = preSolution
		Debug|Any CPU = Debug|Any CPU
		Release|Any CPU = Release|Any CPU
	EndGlobalSection
	GlobalSection(ProjectConfigurationPlatforms) = postSolution
		{830FC1FD-3C66-475E-8732-32FC8197BFF4}.Debug|Any CPU.ActiveCfg = Debug|Any CPU
		{830FC1FD-3C66-475E-8732-32FC8197BFF4}.Debug|Any CPU.Build.0 = Debug|Any CPU
		{830FC1FD-3C66-475E-8732-32FC8197BFF4}.Release|Any CPU.ActiveCfg = Release|Any CPU
		{830FC1FD-3C66-475E-8732-32FC8197BFF4}.Release|Any CPU.Build.0 = Release|Any CPU
	EndGlobalSection
	GlobalSection(SolutionProperties) = preSolution
		HideSolutionNode = FALSE
	EndGlobalSection
	GlobalSection(NestedProjects) = preSolution
		{830FC1FD-3C66-475E-8732-32FC8197BFF4} = {FBB33E19-C81B-4FF0-BB48-BAC9771D8BD4}
	EndGlobalSection
EndGlobal
